// !$*UTF8*$!
{
	archiveVersion = 1;
	classes = {
	};
	objectVersion = 46;
	objects = {

/* Begin PBXBuildFile section */
		7E8EA50B1E8005BD008B27FF /* Constants.swift in Sources */ = {isa = PBXBuildFile; fileRef = 7E8EA50A1E8005BD008B27FF /* Constants.swift */; };
		7EAB3FBF1E7B9D2D0032682E /* VTNetworking.swift in Sources */ = {isa = PBXBuildFile; fileRef = 7EAB3FBE1E7B9D2D0032682E /* VTNetworking.swift */; };
		7EAB3FC11E7B9DC10032682E /* Reachability.swift in Sources */ = {isa = PBXBuildFile; fileRef = 7EAB3FC01E7B9DC10032682E /* Reachability.swift */; };
		7EB5CAA21E787B7600B34943 /* AppDelegate.swift in Sources */ = {isa = PBXBuildFile; fileRef = 7EB5CAA11E787B7600B34943 /* AppDelegate.swift */; };
		7EB5CAA71E787B7600B34943 /* Main.storyboard in Resources */ = {isa = PBXBuildFile; fileRef = 7EB5CAA51E787B7600B34943 /* Main.storyboard */; };
		7EB5CAA91E787B7600B34943 /* Assets.xcassets in Resources */ = {isa = PBXBuildFile; fileRef = 7EB5CAA81E787B7600B34943 /* Assets.xcassets */; };
		7EB5CAAC1E787B7600B34943 /* LaunchScreen.storyboard in Resources */ = {isa = PBXBuildFile; fileRef = 7EB5CAAA1E787B7600B34943 /* LaunchScreen.storyboard */; };
		7EB5CAB41E787EE900B34943 /* MapViewController.swift in Sources */ = {isa = PBXBuildFile; fileRef = 7EB5CAB31E787EE900B34943 /* MapViewController.swift */; };
		7EB5CAB61E787F4A00B34943 /* PhotoAlbumViewController.swift in Sources */ = {isa = PBXBuildFile; fileRef = 7EB5CAB51E787F4A00B34943 /* PhotoAlbumViewController.swift */; };
		7EB5CAB81E7880A800B34943 /* MapViewController+MKMapViewDelegate.swift in Sources */ = {isa = PBXBuildFile; fileRef = 7EB5CAB71E7880A800B34943 /* MapViewController+MKMapViewDelegate.swift */; };
		7EB5CABA1E78887B00B34943 /* PhotoCollectionViewCell.swift in Sources */ = {isa = PBXBuildFile; fileRef = 7EB5CAB91E78887B00B34943 /* PhotoCollectionViewCell.swift */; };
		7EB5CABE1E78898600B34943 /* FlickrClient.swift in Sources */ = {isa = PBXBuildFile; fileRef = 7EB5CABD1E78898600B34943 /* FlickrClient.swift */; };
		7EB5CAC31E788AF000B34943 /* CoreDataManager.swift in Sources */ = {isa = PBXBuildFile; fileRef = 7EB5CAC21E788AF000B34943 /* CoreDataManager.swift */; };
		7EB5CAC81E788B3600B34943 /* FlickrConstants.swift in Sources */ = {isa = PBXBuildFile; fileRef = 7EB5CAC71E788B3600B34943 /* FlickrConstants.swift */; };
		7EB5CACA1E78D5B300B34943 /* UIViewController+Alerts.swift in Sources */ = {isa = PBXBuildFile; fileRef = 7EB5CAC91E78D5B300B34943 /* UIViewController+Alerts.swift */; };
		7EB5CACD1E79045500B34943 /* Model.xcdatamodeld in Sources */ = {isa = PBXBuildFile; fileRef = 7EB5CACB1E79045500B34943 /* Model.xcdatamodeld */; };
		7EF784611E7A7A2300A949F2 /* CoreDataConstants.swift in Sources */ = {isa = PBXBuildFile; fileRef = 7EF784601E7A7A2300A949F2 /* CoreDataConstants.swift */; };
		7EF784631E7A820600A949F2 /* CoreDataViewController.swift in Sources */ = {isa = PBXBuildFile; fileRef = 7EF784621E7A820600A949F2 /* CoreDataViewController.swift */; };
		7EF784701E7B0A2F00A949F2 /* Pin+CoreDataClass.swift in Sources */ = {isa = PBXBuildFile; fileRef = 7EF7846C1E7B0A2F00A949F2 /* Pin+CoreDataClass.swift */; };
		7EF784711E7B0A2F00A949F2 /* Pin+CoreDataProperties.swift in Sources */ = {isa = PBXBuildFile; fileRef = 7EF7846D1E7B0A2F00A949F2 /* Pin+CoreDataProperties.swift */; };
		7EF784721E7B0A2F00A949F2 /* Photo+CoreDataClass.swift in Sources */ = {isa = PBXBuildFile; fileRef = 7EF7846E1E7B0A2F00A949F2 /* Photo+CoreDataClass.swift */; };
		7EF784731E7B0A2F00A949F2 /* Photo+CoreDataProperties.swift in Sources */ = {isa = PBXBuildFile; fileRef = 7EF7846F1E7B0A2F00A949F2 /* Photo+CoreDataProperties.swift */; };
		7EF784771E7B157C00A949F2 /* VTPointAnnotation.swift in Sources */ = {isa = PBXBuildFile; fileRef = 7EF784761E7B157C00A949F2 /* VTPointAnnotation.swift */; };
/* End PBXBuildFile section */

/* Begin PBXFileReference section */
		7E8EA50A1E8005BD008B27FF /* Constants.swift */ = {isa = PBXFileReference; fileEncoding = 4; lastKnownFileType = sourcecode.swift; path = Constants.swift; sourceTree = "<group>"; };
		7EAB3FBE1E7B9D2D0032682E /* VTNetworking.swift */ = {isa = PBXFileReference; fileEncoding = 4; lastKnownFileType = sourcecode.swift; path = VTNetworking.swift; sourceTree = "<group>"; };
		7EAB3FC01E7B9DC10032682E /* Reachability.swift */ = {isa = PBXFileReference; fileEncoding = 4; lastKnownFileType = sourcecode.swift; path = Reachability.swift; sourceTree = "<group>"; };
		7EB5CA9E1E787B7600B34943 /* Virtual Tourist.app */ = {isa = PBXFileReference; explicitFileType = wrapper.application; includeInIndex = 0; path = "Virtual Tourist.app"; sourceTree = BUILT_PRODUCTS_DIR; };
		7EB5CAA11E787B7600B34943 /* AppDelegate.swift */ = {isa = PBXFileReference; lastKnownFileType = sourcecode.swift; path = AppDelegate.swift; sourceTree = "<group>"; };
		7EB5CAA61E787B7600B34943 /* Base */ = {isa = PBXFileReference; lastKnownFileType = file.storyboard; name = Base; path = Base.lproj/Main.storyboard; sourceTree = "<group>"; };
		7EB5CAA81E787B7600B34943 /* Assets.xcassets */ = {isa = PBXFileReference; lastKnownFileType = folder.assetcatalog; path = Assets.xcassets; sourceTree = "<group>"; };
		7EB5CAAB1E787B7600B34943 /* Base */ = {isa = PBXFileReference; lastKnownFileType = file.storyboard; name = Base; path = Base.lproj/LaunchScreen.storyboard; sourceTree = "<group>"; };
		7EB5CAAD1E787B7600B34943 /* Info.plist */ = {isa = PBXFileReference; lastKnownFileType = text.plist.xml; path = Info.plist; sourceTree = "<group>"; };
		7EB5CAB31E787EE900B34943 /* MapViewController.swift */ = {isa = PBXFileReference; fileEncoding = 4; lastKnownFileType = sourcecode.swift; path = MapViewController.swift; sourceTree = "<group>"; };
		7EB5CAB51E787F4A00B34943 /* PhotoAlbumViewController.swift */ = {isa = PBXFileReference; fileEncoding = 4; lastKnownFileType = sourcecode.swift; path = PhotoAlbumViewController.swift; sourceTree = "<group>"; };
		7EB5CAB71E7880A800B34943 /* MapViewController+MKMapViewDelegate.swift */ = {isa = PBXFileReference; fileEncoding = 4; lastKnownFileType = sourcecode.swift; path = "MapViewController+MKMapViewDelegate.swift"; sourceTree = "<group>"; };
		7EB5CAB91E78887B00B34943 /* PhotoCollectionViewCell.swift */ = {isa = PBXFileReference; fileEncoding = 4; lastKnownFileType = sourcecode.swift; path = PhotoCollectionViewCell.swift; sourceTree = "<group>"; };
		7EB5CABD1E78898600B34943 /* FlickrClient.swift */ = {isa = PBXFileReference; fileEncoding = 4; lastKnownFileType = sourcecode.swift; path = FlickrClient.swift; sourceTree = "<group>"; };
		7EB5CAC21E788AF000B34943 /* CoreDataManager.swift */ = {isa = PBXFileReference; fileEncoding = 4; lastKnownFileType = sourcecode.swift; path = CoreDataManager.swift; sourceTree = "<group>"; };
		7EB5CAC71E788B3600B34943 /* FlickrConstants.swift */ = {isa = PBXFileReference; fileEncoding = 4; lastKnownFileType = sourcecode.swift; path = FlickrConstants.swift; sourceTree = "<group>"; };
		7EB5CAC91E78D5B300B34943 /* UIViewController+Alerts.swift */ = {isa = PBXFileReference; fileEncoding = 4; lastKnownFileType = sourcecode.swift; path = "UIViewController+Alerts.swift"; sourceTree = "<group>"; };
		7EB5CACC1E79045500B34943 /* Model.xcdatamodel */ = {isa = PBXFileReference; lastKnownFileType = wrapper.xcdatamodel; path = Model.xcdatamodel; sourceTree = "<group>"; };
		7EF784601E7A7A2300A949F2 /* CoreDataConstants.swift */ = {isa = PBXFileReference; fileEncoding = 4; lastKnownFileType = sourcecode.swift; path = CoreDataConstants.swift; sourceTree = "<group>"; };
		7EF784621E7A820600A949F2 /* CoreDataViewController.swift */ = {isa = PBXFileReference; fileEncoding = 4; lastKnownFileType = sourcecode.swift; path = CoreDataViewController.swift; sourceTree = "<group>"; };
		7EF7846C1E7B0A2F00A949F2 /* Pin+CoreDataClass.swift */ = {isa = PBXFileReference; fileEncoding = 4; lastKnownFileType = sourcecode.swift; path = "Pin+CoreDataClass.swift"; sourceTree = "<group>"; };
		7EF7846D1E7B0A2F00A949F2 /* Pin+CoreDataProperties.swift */ = {isa = PBXFileReference; fileEncoding = 4; lastKnownFileType = sourcecode.swift; path = "Pin+CoreDataProperties.swift"; sourceTree = "<group>"; };
		7EF7846E1E7B0A2F00A949F2 /* Photo+CoreDataClass.swift */ = {isa = PBXFileReference; fileEncoding = 4; lastKnownFileType = sourcecode.swift; path = "Photo+CoreDataClass.swift"; sourceTree = "<group>"; };
		7EF7846F1E7B0A2F00A949F2 /* Photo+CoreDataProperties.swift */ = {isa = PBXFileReference; fileEncoding = 4; lastKnownFileType = sourcecode.swift; path = "Photo+CoreDataProperties.swift"; sourceTree = "<group>"; };
		7EF784761E7B157C00A949F2 /* VTPointAnnotation.swift */ = {isa = PBXFileReference; fileEncoding = 4; lastKnownFileType = sourcecode.swift; path = VTPointAnnotation.swift; sourceTree = "<group>"; };
/* End PBXFileReference section */

/* Begin PBXFrameworksBuildPhase section */
		7EB5CA9B1E787B7600B34943 /* Frameworks */ = {
			isa = PBXFrameworksBuildPhase;
			buildActionMask = 2147483647;
			files = (
			);
			runOnlyForDeploymentPostprocessing = 0;
		};
/* End PBXFrameworksBuildPhase section */

/* Begin PBXGroup section */
		7E8EA50C1E800E78008B27FF /* Maps */ = {
			isa = PBXGroup;
			children = (
				7EF784761E7B157C00A949F2 /* VTPointAnnotation.swift */,
			);
			name = Maps;
			sourceTree = "<group>";
		};
		7EB5CA951E787B7600B34943 = {
			isa = PBXGroup;
			children = (
				7EB5CAA01E787B7600B34943 /* Virtual Tourist */,
				7EB5CA9F1E787B7600B34943 /* Products */,
			);
			sourceTree = "<group>";
		};
		7EB5CA9F1E787B7600B34943 /* Products */ = {
			isa = PBXGroup;
			children = (
				7EB5CA9E1E787B7600B34943 /* Virtual Tourist.app */,
			);
			name = Products;
			sourceTree = "<group>";
		};
		7EB5CAA01E787B7600B34943 /* Virtual Tourist */ = {
			isa = PBXGroup;
			children = (
				7EB5CAA11E787B7600B34943 /* AppDelegate.swift */,
				7E8EA50A1E8005BD008B27FF /* Constants.swift */,
				7EB5CABF1E78898A00B34943 /* Model */,
				7EB5CABC1E78896900B34943 /* Controllers */,
				7EB5CABB1E78887E00B34943 /* Views */,
				7EB5CAA51E787B7600B34943 /* Main.storyboard */,
				7EB5CAA81E787B7600B34943 /* Assets.xcassets */,
				7EB5CAAA1E787B7600B34943 /* LaunchScreen.storyboard */,
				7EB5CAAD1E787B7600B34943 /* Info.plist */,
			);
			path = "Virtual Tourist";
			sourceTree = "<group>";
		};
		7EB5CABB1E78887E00B34943 /* Views */ = {
			isa = PBXGroup;
			children = (
				7EB5CAB91E78887B00B34943 /* PhotoCollectionViewCell.swift */,
			);
			name = Views;
			sourceTree = "<group>";
		};
		7EB5CABC1E78896900B34943 /* Controllers */ = {
			isa = PBXGroup;
			children = (
				7EF784621E7A820600A949F2 /* CoreDataViewController.swift */,
				7EB5CAB31E787EE900B34943 /* MapViewController.swift */,
				7EB5CAB71E7880A800B34943 /* MapViewController+MKMapViewDelegate.swift */,
				7EB5CAB51E787F4A00B34943 /* PhotoAlbumViewController.swift */,
				7EB5CAC91E78D5B300B34943 /* UIViewController+Alerts.swift */,
			);
			name = Controllers;
			sourceTree = "<group>";
		};
		7EB5CABF1E78898A00B34943 /* Model */ = {
			isa = PBXGroup;
			children = (
				7E8EA50C1E800E78008B27FF /* Maps */,
				7EB5CAC41E788AFC00B34943 /* Core Data */,
				7EB5CAC01E78899700B34943 /* Clients */,
			);
			name = Model;
			sourceTree = "<group>";
		};
		7EB5CAC01E78899700B34943 /* Clients */ = {
			isa = PBXGroup;
			children = (
				7EAB3FC01E7B9DC10032682E /* Reachability.swift */,
				7EAB3FBE1E7B9D2D0032682E /* VTNetworking.swift */,
				7EB5CAC11E78899E00B34943 /* FlickrClient */,
			);
			name = Clients;
			sourceTree = "<group>";
		};
		7EB5CAC11E78899E00B34943 /* FlickrClient */ = {
			isa = PBXGroup;
			children = (
				7EB5CAC71E788B3600B34943 /* FlickrConstants.swift */,
				7EB5CABD1E78898600B34943 /* FlickrClient.swift */,
			);
			name = FlickrClient;
			sourceTree = "<group>";
		};
		7EB5CAC41E788AFC00B34943 /* Core Data */ = {
			isa = PBXGroup;
			children = (
				7EF7846C1E7B0A2F00A949F2 /* Pin+CoreDataClass.swift */,
				7EF7846D1E7B0A2F00A949F2 /* Pin+CoreDataProperties.swift */,
				7EF7846E1E7B0A2F00A949F2 /* Photo+CoreDataClass.swift */,
				7EF7846F1E7B0A2F00A949F2 /* Photo+CoreDataProperties.swift */,
				7EB5CAC21E788AF000B34943 /* CoreDataManager.swift */,
				7EB5CACB1E79045500B34943 /* Model.xcdatamodeld */,
				7EF784601E7A7A2300A949F2 /* CoreDataConstants.swift */,
			);
			name = "Core Data";
			sourceTree = "<group>";
		};
/* End PBXGroup section */

/* Begin PBXNativeTarget section */
		7EB5CA9D1E787B7600B34943 /* Virtual Tourist */ = {
			isa = PBXNativeTarget;
			buildConfigurationList = 7EB5CAB01E787B7600B34943 /* Build configuration list for PBXNativeTarget "Virtual Tourist" */;
			buildPhases = (
				7EB5CA9A1E787B7600B34943 /* Sources */,
				7EB5CA9B1E787B7600B34943 /* Frameworks */,
				7EB5CA9C1E787B7600B34943 /* Resources */,
			);
			buildRules = (
			);
			dependencies = (
			);
			name = "Virtual Tourist";
			productName = "Virtual Tourist";
			productReference = 7EB5CA9E1E787B7600B34943 /* Virtual Tourist.app */;
			productType = "com.apple.product-type.application";
		};
/* End PBXNativeTarget section */

/* Begin PBXProject section */
		7EB5CA961E787B7600B34943 /* Project object */ = {
			isa = PBXProject;
			attributes = {
				LastSwiftUpdateCheck = 0820;
				LastUpgradeCheck = 0820;
				ORGANIZATIONNAME = "Lybron Sobers";
				TargetAttributes = {
					7EB5CA9D1E787B7600B34943 = {
						CreatedOnToolsVersion = 8.2.1;
						DevelopmentTeam = T33949GAHU;
						ProvisioningStyle = Automatic;
					};
				};
			};
			buildConfigurationList = 7EB5CA991E787B7600B34943 /* Build configuration list for PBXProject "Virtual Tourist" */;
			compatibilityVersion = "Xcode 3.2";
			developmentRegion = English;
			hasScannedForEncodings = 0;
			knownRegions = (
				en,
				Base,
			);
			mainGroup = 7EB5CA951E787B7600B34943;
			productRefGroup = 7EB5CA9F1E787B7600B34943 /* Products */;
			projectDirPath = "";
			projectRoot = "";
			targets = (
				7EB5CA9D1E787B7600B34943 /* Virtual Tourist */,
			);
		};
/* End PBXProject section */

/* Begin PBXResourcesBuildPhase section */
		7EB5CA9C1E787B7600B34943 /* Resources */ = {
			isa = PBXResourcesBuildPhase;
			buildActionMask = 2147483647;
			files = (
				7EB5CAAC1E787B7600B34943 /* LaunchScreen.storyboard in Resources */,
				7EB5CAA91E787B7600B34943 /* Assets.xcassets in Resources */,
				7EB5CAA71E787B7600B34943 /* Main.storyboard in Resources */,
			);
			runOnlyForDeploymentPostprocessing = 0;
		};
/* End PBXResourcesBuildPhase section */

/* Begin PBXSourcesBuildPhase section */
		7EB5CA9A1E787B7600B34943 /* Sources */ = {
			isa = PBXSourcesBuildPhase;
			buildActionMask = 2147483647;
			files = (
				7EF784721E7B0A2F00A949F2 /* Photo+CoreDataClass.swift in Sources */,
				7EB5CAC81E788B3600B34943 /* FlickrConstants.swift in Sources */,
				7EAB3FC11E7B9DC10032682E /* Reachability.swift in Sources */,
				7EB5CAB81E7880A800B34943 /* MapViewController+MKMapViewDelegate.swift in Sources */,
				7EF784701E7B0A2F00A949F2 /* Pin+CoreDataClass.swift in Sources */,
				7EF784771E7B157C00A949F2 /* VTPointAnnotation.swift in Sources */,
				7EF784711E7B0A2F00A949F2 /* Pin+CoreDataProperties.swift in Sources */,
				7EB5CABA1E78887B00B34943 /* PhotoCollectionViewCell.swift in Sources */,
				7EB5CAB41E787EE900B34943 /* MapViewController.swift in Sources */,
				7EB5CAA21E787B7600B34943 /* AppDelegate.swift in Sources */,
				7EF784631E7A820600A949F2 /* CoreDataViewController.swift in Sources */,
				7EF784611E7A7A2300A949F2 /* CoreDataConstants.swift in Sources */,
				7EB5CAB61E787F4A00B34943 /* PhotoAlbumViewController.swift in Sources */,
				7EB5CAC31E788AF000B34943 /* CoreDataManager.swift in Sources */,
				7EB5CACD1E79045500B34943 /* Model.xcdatamodeld in Sources */,
				7E8EA50B1E8005BD008B27FF /* Constants.swift in Sources */,
				7EB5CACA1E78D5B300B34943 /* UIViewController+Alerts.swift in Sources */,
				7EAB3FBF1E7B9D2D0032682E /* VTNetworking.swift in Sources */,
				7EF784731E7B0A2F00A949F2 /* Photo+CoreDataProperties.swift in Sources */,
				7EB5CABE1E78898600B34943 /* FlickrClient.swift in Sources */,
			);
			runOnlyForDeploymentPostprocessing = 0;
		};
/* End PBXSourcesBuildPhase section */

/* Begin PBXVariantGroup section */
		7EB5CAA51E787B7600B34943 /* Main.storyboard */ = {
			isa = PBXVariantGroup;
			children = (
				7EB5CAA61E787B7600B34943 /* Base */,
			);
			name = Main.storyboard;
			sourceTree = "<group>";
		};
		7EB5CAAA1E787B7600B34943 /* LaunchScreen.storyboard */ = {
			isa = PBXVariantGroup;
			children = (
				7EB5CAAB1E787B7600B34943 /* Base */,
			);
			name = LaunchScreen.storyboard;
			sourceTree = "<group>";
		};
/* End PBXVariantGroup section */

/* Begin XCBuildConfiguration section */
		7EB5CAAE1E787B7600B34943 /* Debug */ = {
			isa = XCBuildConfiguration;
			buildSettings = {
				ALWAYS_SEARCH_USER_PATHS = NO;
				CLANG_ANALYZER_NONNULL = YES;
				CLANG_CXX_LANGUAGE_STANDARD = "gnu++0x";
				CLANG_CXX_LIBRARY = "libc++";
				CLANG_ENABLE_MODULES = YES;
				CLANG_ENABLE_OBJC_ARC = YES;
				CLANG_WARN_BOOL_CONVERSION = YES;
				CLANG_WARN_CONSTANT_CONVERSION = YES;
				CLANG_WARN_DIRECT_OBJC_ISA_USAGE = YES_ERROR;
				CLANG_WARN_DOCUMENTATION_COMMENTS = YES;
				CLANG_WARN_EMPTY_BODY = YES;
				CLANG_WARN_ENUM_CONVERSION = YES;
				CLANG_WARN_INFINITE_RECURSION = YES;
				CLANG_WARN_INT_CONVERSION = YES;
				CLANG_WARN_OBJC_ROOT_CLASS = YES_ERROR;
				CLANG_WARN_SUSPICIOUS_MOVE = YES;
				CLANG_WARN_UNREACHABLE_CODE = YES;
				CLANG_WARN__DUPLICATE_METHOD_MATCH = YES;
				"CODE_SIGN_IDENTITY[sdk=iphoneos*]" = "iPhone Developer";
				COPY_PHASE_STRIP = NO;
				DEBUG_INFORMATION_FORMAT = dwarf;
				ENABLE_STRICT_OBJC_MSGSEND = YES;
				ENABLE_TESTABILITY = YES;
				GCC_C_LANGUAGE_STANDARD = gnu99;
				GCC_DYNAMIC_NO_PIC = NO;
				GCC_NO_COMMON_BLOCKS = YES;
				GCC_OPTIMIZATION_LEVEL = 0;
				GCC_PREPROCESSOR_DEFINITIONS = (
					"DEBUG=1",
					"$(inherited)",
				);
				GCC_WARN_64_TO_32_BIT_CONVERSION = YES;
				GCC_WARN_ABOUT_RETURN_TYPE = YES_ERROR;
				GCC_WARN_UNDECLARED_SELECTOR = YES;
				GCC_WARN_UNINITIALIZED_AUTOS = YES_AGGRESSIVE;
				GCC_WARN_UNUSED_FUNCTION = YES;
				GCC_WARN_UNUSED_VARIABLE = YES;
				IPHONEOS_DEPLOYMENT_TARGET = 10.2;
				MTL_ENABLE_DEBUG_INFO = YES;
				ONLY_ACTIVE_ARCH = YES;
				SDKROOT = iphoneos;
				SWIFT_ACTIVE_COMPILATION_CONDITIONS = DEBUG;
				SWIFT_OPTIMIZATION_LEVEL = "-Onone";
				TARGETED_DEVICE_FAMILY = "1,2";
			};
			name = Debug;
		};
		7EB5CAAF1E787B7600B34943 /* Release */ = {
			isa = XCBuildConfiguration;
			buildSettings = {
				ALWAYS_SEARCH_USER_PATHS = NO;
				CLANG_ANALYZER_NONNULL = YES;
				CLANG_CXX_LANGUAGE_STANDARD = "gnu++0x";
				CLANG_CXX_LIBRARY = "libc++";
				CLANG_ENABLE_MODULES = YES;
				CLANG_ENABLE_OBJC_ARC = YES;
				CLANG_WARN_BOOL_CONVERSION = YES;
				CLANG_WARN_CONSTANT_CONVERSION = YES;
				CLANG_WARN_DIRECT_OBJC_ISA_USAGE = YES_ERROR;
				CLANG_WARN_DOCUMENTATION_COMMENTS = YES;
				CLANG_WARN_EMPTY_BODY = YES;
				CLANG_WARN_ENUM_CONVERSION = YES;
				CLANG_WARN_INFINITE_RECURSION = YES;
				CLANG_WARN_INT_CONVERSION = YES;
				CLANG_WARN_OBJC_ROOT_CLASS = YES_ERROR;
				CLANG_WARN_SUSPICIOUS_MOVE = YES;
				CLANG_WARN_UNREACHABLE_CODE = YES;
				CLANG_WARN__DUPLICATE_METHOD_MATCH = YES;
				"CODE_SIGN_IDENTITY[sdk=iphoneos*]" = "iPhone Developer";
				COPY_PHASE_STRIP = NO;
				DEBUG_INFORMATION_FORMAT = "dwarf-with-dsym";
				ENABLE_NS_ASSERTIONS = NO;
				ENABLE_STRICT_OBJC_MSGSEND = YES;
				GCC_C_LANGUAGE_STANDARD = gnu99;
				GCC_NO_COMMON_BLOCKS = YES;
				GCC_WARN_64_TO_32_BIT_CONVERSION = YES;
				GCC_WARN_ABOUT_RETURN_TYPE = YES_ERROR;
				GCC_WARN_UNDECLARED_SELECTOR = YES;
				GCC_WARN_UNINITIALIZED_AUTOS = YES_AGGRESSIVE;
				GCC_WARN_UNUSED_FUNCTION = YES;
				GCC_WARN_UNUSED_VARIABLE = YES;
				IPHONEOS_DEPLOYMENT_TARGET = 10.2;
				MTL_ENABLE_DEBUG_INFO = NO;
				SDKROOT = iphoneos;
				SWIFT_OPTIMIZATION_LEVEL = "-Owholemodule";
				TARGETED_DEVICE_FAMILY = "1,2";
				VALIDATE_PRODUCT = YES;
			};
			name = Release;
		};
		7EB5CAB11E787B7600B34943 /* Debug */ = {
			isa = XCBuildConfiguration;
			buildSettings = {
				ASSETCATALOG_COMPILER_APPICON_NAME = AppIcon;
				DEVELOPMENT_TEAM = T33949GAHU;
				INFOPLIST_FILE = "Virtual Tourist/Info.plist";
				LD_RUNPATH_SEARCH_PATHS = "$(inherited) @executable_path/Frameworks";
				PRODUCT_BUNDLE_IDENTIFIER = "com.ifunography.Virtual-Tourist";
				PRODUCT_NAME = "$(TARGET_NAME)";
				SWIFT_VERSION = 3.0;
			};
			name = Debug;
		};
		7EB5CAB21E787B7600B34943 /* Release */ = {
			isa = XCBuildConfiguration;
			buildSettings = {
				ASSETCATALOG_COMPILER_APPICON_NAME = AppIcon;
				DEVELOPMENT_TEAM = T33949GAHU;
				INFOPLIST_FILE = "Virtual Tourist/Info.plist";
				LD_RUNPATH_SEARCH_PATHS = "$(inherited) @executable_path/Frameworks";
				PRODUCT_BUNDLE_IDENTIFIER = "com.ifunography.Virtual-Tourist";
				PRODUCT_NAME = "$(TARGET_NAME)";
				SWIFT_VERSION = 3.0;
			};
			name = Release;
		};
/* End XCBuildConfiguration section */

/* Begin XCConfigurationList section */
		7EB5CA991E787B7600B34943 /* Build configuration list for PBXProject "Virtual Tourist" */ = {
			isa = XCConfigurationList;
			buildConfigurations = (
				7EB5CAAE1E787B7600B34943 /* Debug */,
				7EB5CAAF1E787B7600B34943 /* Release */,
			);
			defaultConfigurationIsVisible = 0;
			defaultConfigurationName = Release;
		};
		7EB5CAB01E787B7600B34943 /* Build configuration list for PBXNativeTarget "Virtual Tourist" */ = {
			isa = XCConfigurationList;
			buildConfigurations = (
				7EB5CAB11E787B7600B34943 /* Debug */,
				7EB5CAB21E787B7600B34943 /* Release */,
			);
			defaultConfigurationIsVisible = 0;
			defaultConfigurationName = Release;
		};
/* End XCConfigurationList section */

/* Begin XCVersionGroup section */
		7EB5CACB1E79045500B34943 /* Model.xcdatamodeld */ = {
			isa = XCVersionGroup;
			children = (
				7EB5CACC1E79045500B34943 /* Model.xcdatamodel */,
			);
			currentVersion = 7EB5CACC1E79045500B34943 /* Model.xcdatamodel */;
			path = Model.xcdatamodeld;
			sourceTree = "<group>";
			versionGroupType = wrapper.xcdatamodel;
		};
/* End XCVersionGroup section */
	};
	rootObject = 7EB5CA961E787B7600B34943 /* Project object */;
}
